// !$*UTF8*$!
{
	archiveVersion = 1;
	classes = {
	};
	objectVersion = 56;
	objects = {

/* Begin PBXBuildFile section */
		019E09E72AFAEC8E0009967A /* AppDelegate.swift in Sources */ = {isa = PBXBuildFile; fileRef = 019E09E62AFAEC8E0009967A /* AppDelegate.swift */; };
		019E09E92AFAEC8E0009967A /* SceneDelegate.swift in Sources */ = {isa = PBXBuildFile; fileRef = 019E09E82AFAEC8E0009967A /* SceneDelegate.swift */; };
		019E09EB2AFAEC8E0009967A /* ViewController.swift in Sources */ = {isa = PBXBuildFile; fileRef = 019E09EA2AFAEC8E0009967A /* ViewController.swift */; };
		019E09EE2AFAEC8E0009967A /* Main.storyboard in Resources */ = {isa = PBXBuildFile; fileRef = 019E09EC2AFAEC8E0009967A /* Main.storyboard */; };
		019E09F02AFAEC8F0009967A /* Assets.xcassets in Resources */ = {isa = PBXBuildFile; fileRef = 019E09EF2AFAEC8F0009967A /* Assets.xcassets */; };
		019E09F32AFAEC8F0009967A /* LaunchScreen.storyboard in Resources */ = {isa = PBXBuildFile; fileRef = 019E09F12AFAEC8F0009967A /* LaunchScreen.storyboard */; };
		019E09FE2AFAEC8F0009967A /* RamosSnapchatTests.swift in Sources */ = {isa = PBXBuildFile; fileRef = 019E09FD2AFAEC8F0009967A /* RamosSnapchatTests.swift */; };
		019E0A082AFAEC8F0009967A /* RamosSnapchatUITests.swift in Sources */ = {isa = PBXBuildFile; fileRef = 019E0A072AFAEC8F0009967A /* RamosSnapchatUITests.swift */; };
		019E0A0A2AFAEC8F0009967A /* RamosSnapchatUITestsLaunchTests.swift in Sources */ = {isa = PBXBuildFile; fileRef = 019E0A092AFAEC8F0009967A /* RamosSnapchatUITestsLaunchTests.swift */; };
/* End PBXBuildFile section */

/* Begin PBXContainerItemProxy section */
		019E09FA2AFAEC8F0009967A /* PBXContainerItemProxy */ = {
			isa = PBXContainerItemProxy;
			containerPortal = 019E09DB2AFAEC8E0009967A /* Project object */;
			proxyType = 1;
			remoteGlobalIDString = 019E09E22AFAEC8E0009967A;
			remoteInfo = RamosSnapchat;
		};
		019E0A042AFAEC8F0009967A /* PBXContainerItemProxy */ = {
			isa = PBXContainerItemProxy;
			containerPortal = 019E09DB2AFAEC8E0009967A /* Project object */;
			proxyType = 1;
			remoteGlobalIDString = 019E09E22AFAEC8E0009967A;
			remoteInfo = RamosSnapchat;
		};
/* End PBXContainerItemProxy section */

/* Begin PBXFileReference section */
		019E09E32AFAEC8E0009967A /* RamosSnapchat.app */ = {isa = PBXFileReference; explicitFileType = wrapper.application; includeInIndex = 0; path = RamosSnapchat.app; sourceTree = BUILT_PRODUCTS_DIR; };
		019E09E62AFAEC8E0009967A /* AppDelegate.swift */ = {isa = PBXFileReference; lastKnownFileType = sourcecode.swift; path = AppDelegate.swift; sourceTree = "<group>"; };
		019E09E82AFAEC8E0009967A /* SceneDelegate.swift */ = {isa = PBXFileReference; lastKnownFileType = sourcecode.swift; path = SceneDelegate.swift; sourceTree = "<group>"; };
		019E09EA2AFAEC8E0009967A /* ViewController.swift */ = {isa = PBXFileReference; lastKnownFileType = sourcecode.swift; path = ViewController.swift; sourceTree = "<group>"; };
		019E09ED2AFAEC8E0009967A /* Base */ = {isa = PBXFileReference; lastKnownFileType = file.storyboard; name = Base; path = Base.lproj/Main.storyboard; sourceTree = "<group>"; };
		019E09EF2AFAEC8F0009967A /* Assets.xcassets */ = {isa = PBXFileReference; lastKnownFileType = folder.assetcatalog; path = Assets.xcassets; sourceTree = "<group>"; };
		019E09F22AFAEC8F0009967A /* Base */ = {isa = PBXFileReference; lastKnownFileType = file.storyboard; name = Base; path = Base.lproj/LaunchScreen.storyboard; sourceTree = "<group>"; };
		019E09F42AFAEC8F0009967A /* Info.plist */ = {isa = PBXFileReference; lastKnownFileType = text.plist.xml; path = Info.plist; sourceTree = "<group>"; };
		019E09F92AFAEC8F0009967A /* RamosSnapchatTests.xctest */ = {isa = PBXFileReference; explicitFileType = wrapper.cfbundle; includeInIndex = 0; path = RamosSnapchatTests.xctest; sourceTree = BUILT_PRODUCTS_DIR; };
		019E09FD2AFAEC8F0009967A /* RamosSnapchatTests.swift */ = {isa = PBXFileReference; lastKnownFileType = sourcecode.swift; path = RamosSnapchatTests.swift; sourceTree = "<group>"; };
		019E0A032AFAEC8F0009967A /* RamosSnapchatUITests.xctest */ = {isa = PBXFileReference; explicitFileType = wrapper.cfbundle; includeInIndex = 0; path = RamosSnapchatUITests.xctest; sourceTree = BUILT_PRODUCTS_DIR; };
		019E0A072AFAEC8F0009967A /* RamosSnapchatUITests.swift */ = {isa = PBXFileReference; lastKnownFileType = sourcecode.swift; path = RamosSnapchatUITests.swift; sourceTree = "<group>"; };
		019E0A092AFAEC8F0009967A /* RamosSnapchatUITestsLaunchTests.swift */ = {isa = PBXFileReference; lastKnownFileType = sourcecode.swift; path = RamosSnapchatUITestsLaunchTests.swift; sourceTree = "<group>"; };
/* End PBXFileReference section */

/* Begin PBXFrameworksBuildPhase section */
		019E09E02AFAEC8E0009967A /* Frameworks */ = {
			isa = PBXFrameworksBuildPhase;
			buildActionMask = 2147483647;
			files = (
			);
			runOnlyForDeploymentPostprocessing = 0;
		};
		019E09F62AFAEC8F0009967A /* Frameworks */ = {
			isa = PBXFrameworksBuildPhase;
			buildActionMask = 2147483647;
			files = (
			);
			runOnlyForDeploymentPostprocessing = 0;
		};
		019E0A002AFAEC8F0009967A /* Frameworks */ = {
			isa = PBXFrameworksBuildPhase;
			buildActionMask = 2147483647;
			files = (
			);
			runOnlyForDeploymentPostprocessing = 0;
		};
/* End PBXFrameworksBuildPhase section */

/* Begin PBXGroup section */
		019E09DA2AFAEC8E0009967A = {
			isa = PBXGroup;
			children = (
				019E09E52AFAEC8E0009967A /* RamosSnapchat */,
				019E09FC2AFAEC8F0009967A /* RamosSnapchatTests */,
				019E0A062AFAEC8F0009967A /* RamosSnapchatUITests */,
				019E09E42AFAEC8E0009967A /* Products */,
			);
			sourceTree = "<group>";
		};
		019E09E42AFAEC8E0009967A /* Products */ = {
			isa = PBXGroup;
			children = (
				019E09E32AFAEC8E0009967A /* RamosSnapchat.app */,
				019E09F92AFAEC8F0009967A /* RamosSnapchatTests.xctest */,
				019E0A032AFAEC8F0009967A /* RamosSnapchatUITests.xctest */,
			);
			name = Products;
			sourceTree = "<group>";
		};
		019E09E52AFAEC8E0009967A /* RamosSnapchat */ = {
			isa = PBXGroup;
			children = (
				019E09E62AFAEC8E0009967A /* AppDelegate.swift */,
				019E09E82AFAEC8E0009967A /* SceneDelegate.swift */,
				019E09EA2AFAEC8E0009967A /* ViewController.swift */,
				019E09EC2AFAEC8E0009967A /* Main.storyboard */,
				019E09EF2AFAEC8F0009967A /* Assets.xcassets */,
				019E09F12AFAEC8F0009967A /* LaunchScreen.storyboard */,
				019E09F42AFAEC8F0009967A /* Info.plist */,
			);
			path = RamosSnapchat;
			sourceTree = "<group>";
		};
		019E09FC2AFAEC8F0009967A /* RamosSnapchatTests */ = {
			isa = PBXGroup;
			children = (
				019E09FD2AFAEC8F0009967A /* RamosSnapchatTests.swift */,
			);
			path = RamosSnapchatTests;
			sourceTree = "<group>";
		};
		019E0A062AFAEC8F0009967A /* RamosSnapchatUITests */ = {
			isa = PBXGroup;
			children = (
				019E0A072AFAEC8F0009967A /* RamosSnapchatUITests.swift */,
				019E0A092AFAEC8F0009967A /* RamosSnapchatUITestsLaunchTests.swift */,
			);
			path = RamosSnapchatUITests;
			sourceTree = "<group>";
		};
/* End PBXGroup section */

/* Begin PBXNativeTarget section */
		019E09E22AFAEC8E0009967A /* RamosSnapchat */ = {
			isa = PBXNativeTarget;
			buildConfigurationList = 019E0A0D2AFAEC8F0009967A /* Build configuration list for PBXNativeTarget "RamosSnapchat" */;
			buildPhases = (
				019E09DF2AFAEC8E0009967A /* Sources */,
				019E09E02AFAEC8E0009967A /* Frameworks */,
				019E09E12AFAEC8E0009967A /* Resources */,
			);
			buildRules = (
			);
			dependencies = (
			);
			name = RamosSnapchat;
			productName = RamosSnapchat;
			productReference = 019E09E32AFAEC8E0009967A /* RamosSnapchat.app */;
			productType = "com.apple.product-type.application";
		};
		019E09F82AFAEC8F0009967A /* RamosSnapchatTests */ = {
			isa = PBXNativeTarget;
			buildConfigurationList = 019E0A102AFAEC8F0009967A /* Build configuration list for PBXNativeTarget "RamosSnapchatTests" */;
			buildPhases = (
				019E09F52AFAEC8F0009967A /* Sources */,
				019E09F62AFAEC8F0009967A /* Frameworks */,
				019E09F72AFAEC8F0009967A /* Resources */,
			);
			buildRules = (
			);
			dependencies = (
				019E09FB2AFAEC8F0009967A /* PBXTargetDependency */,
			);
			name = RamosSnapchatTests;
			productName = RamosSnapchatTests;
			productReference = 019E09F92AFAEC8F0009967A /* RamosSnapchatTests.xctest */;
			productType = "com.apple.product-type.bundle.unit-test";
		};
		019E0A022AFAEC8F0009967A /* RamosSnapchatUITests */ = {
			isa = PBXNativeTarget;
			buildConfigurationList = 019E0A132AFAEC8F0009967A /* Build configuration list for PBXNativeTarget "RamosSnapchatUITests" */;
			buildPhases = (
				019E09FF2AFAEC8F0009967A /* Sources */,
				019E0A002AFAEC8F0009967A /* Frameworks */,
				019E0A012AFAEC8F0009967A /* Resources */,
			);
			buildRules = (
			);
			dependencies = (
				019E0A052AFAEC8F0009967A /* PBXTargetDependency */,
			);
			name = RamosSnapchatUITests;
			productName = RamosSnapchatUITests;
			productReference = 019E0A032AFAEC8F0009967A /* RamosSnapchatUITests.xctest */;
			productType = "com.apple.product-type.bundle.ui-testing";
		};
/* End PBXNativeTarget section */

/* Begin PBXProject section */
		019E09DB2AFAEC8E0009967A /* Project object */ = {
			isa = PBXProject;
			attributes = {
				BuildIndependentTargetsInParallel = 1;
				LastSwiftUpdateCheck = 1430;
				LastUpgradeCheck = 1430;
				TargetAttributes = {
					019E09E22AFAEC8E0009967A = {
						CreatedOnToolsVersion = 14.3.1;
					};
					019E09F82AFAEC8F0009967A = {
						CreatedOnToolsVersion = 14.3.1;
						TestTargetID = 019E09E22AFAEC8E0009967A;
					};
					019E0A022AFAEC8F0009967A = {
						CreatedOnToolsVersion = 14.3.1;
						TestTargetID = 019E09E22AFAEC8E0009967A;
					};
				};
			};
			buildConfigurationList = 019E09DE2AFAEC8E0009967A /* Build configuration list for PBXProject "RamosSnapchat" */;
			compatibilityVersion = "Xcode 14.0";
			developmentRegion = en;
			hasScannedForEncodings = 0;
			knownRegions = (
				en,
				Base,
			);
			mainGroup = 019E09DA2AFAEC8E0009967A;
			productRefGroup = 019E09E42AFAEC8E0009967A /* Products */;
			projectDirPath = "";
			projectRoot = "";
			targets = (
				019E09E22AFAEC8E0009967A /* RamosSnapchat */,
				019E09F82AFAEC8F0009967A /* RamosSnapchatTests */,
				019E0A022AFAEC8F0009967A /* RamosSnapchatUITests */,
			);
		};
/* End PBXProject section */

/* Begin PBXResourcesBuildPhase section */
		019E09E12AFAEC8E0009967A /* Resources */ = {
			isa = PBXResourcesBuildPhase;
			buildActionMask = 2147483647;
			files = (
				019E09F32AFAEC8F0009967A /* LaunchScreen.storyboard in Resources */,
				019E09F02AFAEC8F0009967A /* Assets.xcassets in Resources */,
				019E09EE2AFAEC8E0009967A /* Main.storyboard in Resources */,
			);
			runOnlyForDeploymentPostprocessing = 0;
		};
		019E09F72AFAEC8F0009967A /* Resources */ = {
			isa = PBXResourcesBuildPhase;
			buildActionMask = 2147483647;
			files = (
			);
			runOnlyForDeploymentPostprocessing = 0;
		};
		019E0A012AFAEC8F0009967A /* Resources */ = {
			isa = PBXResourcesBuildPhase;
			buildActionMask = 2147483647;
			files = (
			);
			runOnlyForDeploymentPostprocessing = 0;
		};
/* End PBXResourcesBuildPhase section */

/* Begin PBXSourcesBuildPhase section */
		019E09DF2AFAEC8E0009967A /* Sources */ = {
			isa = PBXSourcesBuildPhase;
			buildActionMask = 2147483647;
			files = (
				019E09EB2AFAEC8E0009967A /* ViewController.swift in Sources */,
				019E09E72AFAEC8E0009967A /* AppDelegate.swift in Sources */,
				019E09E92AFAEC8E0009967A /* SceneDelegate.swift in Sources */,
			);
			runOnlyForDeploymentPostprocessing = 0;
		};
		019E09F52AFAEC8F0009967A /* Sources */ = {
			isa = PBXSourcesBuildPhase;
			buildActionMask = 2147483647;
			files = (
				019E09FE2AFAEC8F0009967A /* RamosSnapchatTests.swift in Sources */,
			);
			runOnlyForDeploymentPostprocessing = 0;
		};
		019E09FF2AFAEC8F0009967A /* Sources */ = {
			isa = PBXSourcesBuildPhase;
			buildActionMask = 2147483647;
			files = (
				019E0A082AFAEC8F0009967A /* RamosSnapchatUITests.swift in Sources */,
				019E0A0A2AFAEC8F0009967A /* RamosSnapchatUITestsLaunchTests.swift in Sources */,
			);
			runOnlyForDeploymentPostprocessing = 0;
		};
/* End PBXSourcesBuildPhase section */

/* Begin PBXTargetDependency section */
		019E09FB2AFAEC8F0009967A /* PBXTargetDependency */ = {
			isa = PBXTargetDependency;
			target = 019E09E22AFAEC8E0009967A /* RamosSnapchat */;
			targetProxy = 019E09FA2AFAEC8F0009967A /* PBXContainerItemProxy */;
		};
		019E0A052AFAEC8F0009967A /* PBXTargetDependency */ = {
			isa = PBXTargetDependency;
			target = 019E09E22AFAEC8E0009967A /* RamosSnapchat */;
			targetProxy = 019E0A042AFAEC8F0009967A /* PBXContainerItemProxy */;
		};
/* End PBXTargetDependency section */

/* Begin PBXVariantGroup section */
		019E09EC2AFAEC8E0009967A /* Main.storyboard */ = {
			isa = PBXVariantGroup;
			children = (
				019E09ED2AFAEC8E0009967A /* Base */,
			);
			name = Main.storyboard;
			sourceTree = "<group>";
		};
		019E09F12AFAEC8F0009967A /* LaunchScreen.storyboard */ = {
			isa = PBXVariantGroup;
			children = (
				019E09F22AFAEC8F0009967A /* Base */,
			);
			name = LaunchScreen.storyboard;
			sourceTree = "<group>";
		};
/* End PBXVariantGroup section */

/* Begin XCBuildConfiguration section */
		019E0A0B2AFAEC8F0009967A /* Debug */ = {
			isa = XCBuildConfiguration;
			buildSettings = {
				ALWAYS_SEARCH_USER_PATHS = NO;
				CLANG_ANALYZER_NONNULL = YES;
				CLANG_ANALYZER_NUMBER_OBJECT_CONVERSION = YES_AGGRESSIVE;
				CLANG_CXX_LANGUAGE_STANDARD = "gnu++20";
				CLANG_ENABLE_MODULES = YES;
				CLANG_ENABLE_OBJC_ARC = YES;
				CLANG_ENABLE_OBJC_WEAK = YES;
				CLANG_WARN_BLOCK_CAPTURE_AUTORELEASING = YES;
				CLANG_WARN_BOOL_CONVERSION = YES;
				CLANG_WARN_COMMA = YES;
				CLANG_WARN_CONSTANT_CONVERSION = YES;
				CLANG_WARN_DEPRECATED_OBJC_IMPLEMENTATIONS = YES;
				CLANG_WARN_DIRECT_OBJC_ISA_USAGE = YES_ERROR;
				CLANG_WARN_DOCUMENTATION_COMMENTS = YES;
				CLANG_WARN_EMPTY_BODY = YES;
				CLANG_WARN_ENUM_CONVERSION = YES;
				CLANG_WARN_INFINITE_RECURSION = YES;
				CLANG_WARN_INT_CONVERSION = YES;
				CLANG_WARN_NON_LITERAL_NULL_CONVERSION = YES;
				CLANG_WARN_OBJC_IMPLICIT_RETAIN_SELF = YES;
				CLANG_WARN_OBJC_LITERAL_CONVERSION = YES;
				CLANG_WARN_OBJC_ROOT_CLASS = YES_ERROR;
				CLANG_WARN_QUOTED_INCLUDE_IN_FRAMEWORK_HEADER = YES;
				CLANG_WARN_RANGE_LOOP_ANALYSIS = YES;
				CLANG_WARN_STRICT_PROTOTYPES = YES;
				CLANG_WARN_SUSPICIOUS_MOVE = YES;
				CLANG_WARN_UNGUARDED_AVAILABILITY = YES_AGGRESSIVE;
				CLANG_WARN_UNREACHABLE_CODE = YES;
				CLANG_WARN__DUPLICATE_METHOD_MATCH = YES;
				COPY_PHASE_STRIP = NO;
				DEBUG_INFORMATION_FORMAT = dwarf;
				ENABLE_STRICT_OBJC_MSGSEND = YES;
				ENABLE_TESTABILITY = YES;
				GCC_C_LANGUAGE_STANDARD = gnu11;
				GCC_DYNAMIC_NO_PIC = NO;
				GCC_NO_COMMON_BLOCKS = YES;
				GCC_OPTIMIZATION_LEVEL = 0;
				GCC_PREPROCESSOR_DEFINITIONS = (
					"DEBUG=1",
					"$(inherited)",
				);
				GCC_WARN_64_TO_32_BIT_CONVERSION = YES;
				GCC_WARN_ABOUT_RETURN_TYPE = YES_ERROR;
				GCC_WARN_UNDECLARED_SELECTOR = YES;
				GCC_WARN_UNINITIALIZED_AUTOS = YES_AGGRESSIVE;
				GCC_WARN_UNUSED_FUNCTION = YES;
				GCC_WARN_UNUSED_VARIABLE = YES;
				IPHONEOS_DEPLOYMENT_TARGET = 16.4;
				MTL_ENABLE_DEBUG_INFO = INCLUDE_SOURCE;
				MTL_FAST_MATH = YES;
				ONLY_ACTIVE_ARCH = YES;
				SDKROOT = iphoneos;
				SWIFT_ACTIVE_COMPILATION_CONDITIONS = DEBUG;
				SWIFT_OPTIMIZATION_LEVEL = "-Onone";
			};
			name = Debug;
		};
		019E0A0C2AFAEC8F0009967A /* Release */ = {
			isa = XCBuildConfiguration;
			buildSettings = {
				ALWAYS_SEARCH_USER_PATHS = NO;
				CLANG_ANALYZER_NONNULL = YES;
				CLANG_ANALYZER_NUMBER_OBJECT_CONVERSION = YES_AGGRESSIVE;
				CLANG_CXX_LANGUAGE_STANDARD = "gnu++20";
				CLANG_ENABLE_MODULES = YES;
				CLANG_ENABLE_OBJC_ARC = YES;
				CLANG_ENABLE_OBJC_WEAK = YES;
				CLANG_WARN_BLOCK_CAPTURE_AUTORELEASING = YES;
				CLANG_WARN_BOOL_CONVERSION = YES;
				CLANG_WARN_COMMA = YES;
				CLANG_WARN_CONSTANT_CONVERSION = YES;
				CLANG_WARN_DEPRECATED_OBJC_IMPLEMENTATIONS = YES;
				CLANG_WARN_DIRECT_OBJC_ISA_USAGE = YES_ERROR;
				CLANG_WARN_DOCUMENTATION_COMMENTS = YES;
				CLANG_WARN_EMPTY_BODY = YES;
				CLANG_WARN_ENUM_CONVERSION = YES;
				CLANG_WARN_INFINITE_RECURSION = YES;
				CLANG_WARN_INT_CONVERSION = YES;
				CLANG_WARN_NON_LITERAL_NULL_CONVERSION = YES;
				CLANG_WARN_OBJC_IMPLICIT_RETAIN_SELF = YES;
				CLANG_WARN_OBJC_LITERAL_CONVERSION = YES;
				CLANG_WARN_OBJC_ROOT_CLASS = YES_ERROR;
				CLANG_WARN_QUOTED_INCLUDE_IN_FRAMEWORK_HEADER = YES;
				CLANG_WARN_RANGE_LOOP_ANALYSIS = YES;
				CLANG_WARN_STRICT_PROTOTYPES = YES;
				CLANG_WARN_SUSPICIOUS_MOVE = YES;
				CLANG_WARN_UNGUARDED_AVAILABILITY = YES_AGGRESSIVE;
				CLANG_WARN_UNREACHABLE_CODE = YES;
				CLANG_WARN__DUPLICATE_METHOD_MATCH = YES;
				COPY_PHASE_STRIP = NO;
				DEBUG_INFORMATION_FORMAT = "dwarf-with-dsym";
				ENABLE_NS_ASSERTIONS = NO;
				ENABLE_STRICT_OBJC_MSGSEND = YES;
				GCC_C_LANGUAGE_STANDARD = gnu11;
				GCC_NO_COMMON_BLOCKS = YES;
				GCC_WARN_64_TO_32_BIT_CONVERSION = YES;
				GCC_WARN_ABOUT_RETURN_TYPE = YES_ERROR;
				GCC_WARN_UNDECLARED_SELECTOR = YES;
				GCC_WARN_UNINITIALIZED_AUTOS = YES_AGGRESSIVE;
				GCC_WARN_UNUSED_FUNCTION = YES;
				GCC_WARN_UNUSED_VARIABLE = YES;
				IPHONEOS_DEPLOYMENT_TARGET = 16.4;
				MTL_ENABLE_DEBUG_INFO = NO;
				MTL_FAST_MATH = YES;
				SDKROOT = iphoneos;
				SWIFT_COMPILATION_MODE = wholemodule;
				SWIFT_OPTIMIZATION_LEVEL = "-O";
				VALIDATE_PRODUCT = YES;
			};
			name = Release;
		};
		019E0A0E2AFAEC8F0009967A /* Debug */ = {
			isa = XCBuildConfiguration;
			buildSettings = {
				ASSETCATALOG_COMPILER_APPICON_NAME = AppIcon;
				ASSETCATALOG_COMPILER_GLOBAL_ACCENT_COLOR_NAME = AccentColor;
				CODE_SIGN_STYLE = Automatic;
				CURRENT_PROJECT_VERSION = 1;
				GENERATE_INFOPLIST_FILE = YES;
				INFOPLIST_FILE = RamosSnapchat/Info.plist;
				INFOPLIST_KEY_UIApplicationSupportsIndirectInputEvents = YES;
				INFOPLIST_KEY_UILaunchStoryboardName = LaunchScreen;
				INFOPLIST_KEY_UIMainStoryboardFile = Main;
				INFOPLIST_KEY_UISupportedInterfaceOrientations_iPad = "UIInterfaceOrientationPortrait UIInterfaceOrientationPortraitUpsideDown UIInterfaceOrientationLandscapeLeft UIInterfaceOrientationLandscapeRight";
				INFOPLIST_KEY_UISupportedInterfaceOrientations_iPhone = "UIInterfaceOrientationPortrait UIInterfaceOrientationLandscapeLeft UIInterfaceOrientationLandscapeRight";
				LD_RUNPATH_SEARCH_PATHS = (
					"$(inherited)",
					"@executable_path/Frameworks",
				);
				MARKETING_VERSION = 1.0;
				PRODUCT_BUNDLE_IDENTIFIER = miempresa.RamosSnapchat;
				PRODUCT_NAME = "$(TARGET_NAME)";
				SWIFT_EMIT_LOC_STRINGS = YES;
				SWIFT_VERSION = 5.0;
				TARGETED_DEVICE_FAMILY = "1,2";
			};
			name = Debug;
		};
		019E0A0F2AFAEC8F0009967A /* Release */ = {
			isa = XCBuildConfiguration;
			buildSettings = {
				ASSETCATALOG_COMPILER_APPICON_NAME = AppIcon;
				ASSETCATALOG_COMPILER_GLOBAL_ACCENT_COLOR_NAME = AccentColor;
				CODE_SIGN_STYLE = Automatic;
				CURRENT_PROJECT_VERSION = 1;
				GENERATE_INFOPLIST_FILE = YES;
				INFOPLIST_FILE = RamosSnapchat/Info.plist;
				INFOPLIST_KEY_UIApplicationSupportsIndirectInputEvents = YES;
				INFOPLIST_KEY_UILaunchStoryboardName = LaunchScreen;
				INFOPLIST_KEY_UIMainStoryboardFile = Main;
				INFOPLIST_KEY_UISupportedInterfaceOrientations_iPad = "UIInterfaceOrientationPortrait UIInterfaceOrientationPortraitUpsideDown UIInterfaceOrientationLandscapeLeft UIInterfaceOrientationLandscapeRight";
				INFOPLIST_KEY_UISupportedInterfaceOrientations_iPhone = "UIInterfaceOrientationPortrait UIInterfaceOrientationLandscapeLeft UIInterfaceOrientationLandscapeRight";
				LD_RUNPATH_SEARCH_PATHS = (
					"$(inherited)",
					"@executable_path/Frameworks",
				);
				MARKETING_VERSION = 1.0;
				PRODUCT_BUNDLE_IDENTIFIER = miempresa.RamosSnapchat;
				PRODUCT_NAME = "$(TARGET_NAME)";
				SWIFT_EMIT_LOC_STRINGS = YES;
				SWIFT_VERSION = 5.0;
				TARGETED_DEVICE_FAMILY = "1,2";
			};
			name = Release;
		};
		019E0A112AFAEC8F0009967A /* Debug */ = {
			isa = XCBuildConfiguration;
			buildSettings = {
				ALWAYS_EMBED_SWIFT_STANDARD_LIBRARIES = YES;
				BUNDLE_LOADER = "$(TEST_HOST)";
				CODE_SIGN_STYLE = Automatic;
				CURRENT_PROJECT_VERSION = 1;
				GENERATE_INFOPLIST_FILE = YES;
				IPHONEOS_DEPLOYMENT_TARGET = 16.4;
				MARKETING_VERSION = 1.0;
				PRODUCT_BUNDLE_IDENTIFIER = miempresa.RamosSnapchatTests;
				PRODUCT_NAME = "$(TARGET_NAME)";
				SWIFT_EMIT_LOC_STRINGS = NO;
				SWIFT_VERSION = 5.0;
				TARGETED_DEVICE_FAMILY = "1,2";
				TEST_HOST = "$(BUILT_PRODUCTS_DIR)/RamosSnapchat.app/$(BUNDLE_EXECUTABLE_FOLDER_PATH)/RamosSnapchat";
			};
			name = Debug;
		};
		019E0A122AFAEC8F0009967A /* Release */ = {
			isa = XCBuildConfiguration;
			buildSettings = {
				ALWAYS_EMBED_SWIFT_STANDARD_LIBRARIES = YES;
				BUNDLE_LOADER = "$(TEST_HOST)";
				CODE_SIGN_STYLE = Automatic;
				CURRENT_PROJECT_VERSION = 1;
				GENERATE_INFOPLIST_FILE = YES;
				IPHONEOS_DEPLOYMENT_TARGET = 16.4;
				MARKETING_VERSION = 1.0;
				PRODUCT_BUNDLE_IDENTIFIER = miempresa.RamosSnapchatTests;
				PRODUCT_NAME = "$(TARGET_NAME)";
				SWIFT_EMIT_LOC_STRINGS = NO;
				SWIFT_VERSION = 5.0;
				TARGETED_DEVICE_FAMILY = "1,2";
				TEST_HOST = "$(BUILT_PRODUCTS_DIR)/RamosSnapchat.app/$(BUNDLE_EXECUTABLE_FOLDER_PATH)/RamosSnapchat";
			};
			name = Release;
		};
		019E0A142AFAEC8F0009967A /* Debug */ = {
			isa = XCBuildConfiguration;
			buildSettings = {
				ALWAYS_EMBED_SWIFT_STANDARD_LIBRARIES = YES;
				CODE_SIGN_STYLE = Automatic;
				CURRENT_PROJECT_VERSION = 1;
				GENERATE_INFOPLIST_FILE = YES;
				MARKETING_VERSION = 1.0;
				PRODUCT_BUNDLE_IDENTIFIER = miempresa.RamosSnapchatUITests;
				PRODUCT_NAME = "$(TARGET_NAME)";
				SWIFT_EMIT_LOC_STRINGS = NO;
				SWIFT_VERSION = 5.0;
				TARGETED_DEVICE_FAMILY = "1,2";
				TEST_TARGET_NAME = RamosSnapchat;
			};
			name = Debug;
		};
		019E0A152AFAEC8F0009967A /* Release */ = {
			isa = XCBuildConfiguration;
			buildSettings = {
				ALWAYS_EMBED_SWIFT_STANDARD_LIBRARIES = YES;
				CODE_SIGN_STYLE = Automatic;
				CURRENT_PROJECT_VERSION = 1;
				GENERATE_INFOPLIST_FILE = YES;
				MARKETING_VERSION = 1.0;
				PRODUCT_BUNDLE_IDENTIFIER = miempresa.RamosSnapchatUITests;
				PRODUCT_NAME = "$(TARGET_NAME)";
				SWIFT_EMIT_LOC_STRINGS = NO;
				SWIFT_VERSION = 5.0;
				TARGETED_DEVICE_FAMILY = "1,2";
				TEST_TARGET_NAME = RamosSnapchat;
			};
			name = Release;
		};
/* End XCBuildConfiguration section */

/* Begin XCConfigurationList section */
		019E09DE2AFAEC8E0009967A /* Build configuration list for PBXProject "RamosSnapchat" */ = {
			isa = XCConfigurationList;
			buildConfigurations = (
				019E0A0B2AFAEC8F0009967A /* Debug */,
				019E0A0C2AFAEC8F0009967A /* Release */,
			);
			defaultConfigurationIsVisible = 0;
			defaultConfigurationName = Release;
		};
		019E0A0D2AFAEC8F0009967A /* Build configuration list for PBXNativeTarget "RamosSnapchat" */ = {
			isa = XCConfigurationList;
			buildConfigurations = (
				019E0A0E2AFAEC8F0009967A /* Debug */,
				019E0A0F2AFAEC8F0009967A /* Release */,
			);
			defaultConfigurationIsVisible = 0;
			defaultConfigurationName = Release;
		};
		019E0A102AFAEC8F0009967A /* Build configuration list for PBXNativeTarget "RamosSnapchatTests" */ = {
			isa = XCConfigurationList;
			buildConfigurations = (
				019E0A112AFAEC8F0009967A /* Debug */,
				019E0A122AFAEC8F0009967A /* Release */,
			);
			defaultConfigurationIsVisible = 0;
			defaultConfigurationName = Release;
		};
		019E0A132AFAEC8F0009967A /* Build configuration list for PBXNativeTarget "RamosSnapchatUITests" */ = {
			isa = XCConfigurationList;
			buildConfigurations = (
				019E0A142AFAEC8F0009967A /* Debug */,
				019E0A152AFAEC8F0009967A /* Release */,
			);
			defaultConfigurationIsVisible = 0;
			defaultConfigurationName = Release;
		};
/* End XCConfigurationList section */
	};
	rootObject = 019E09DB2AFAEC8E0009967A /* Project object */;
}
